// !$*UTF8*$!
{
	archiveVersion = 1;
	classes = {
	};
	objectVersion = 46;
	objects = {

/* Begin PBXBuildFile section */
		F207A32C15A65E8900BACA9E /* UIKit.framework in Frameworks */ = {isa = PBXBuildFile; fileRef = F207A32B15A65E8900BACA9E /* UIKit.framework */; };
		F207A32E15A65E8900BACA9E /* Foundation.framework in Frameworks */ = {isa = PBXBuildFile; fileRef = F207A32D15A65E8900BACA9E /* Foundation.framework */; };
		F207A33015A65E8900BACA9E /* CoreGraphics.framework in Frameworks */ = {isa = PBXBuildFile; fileRef = F207A32F15A65E8900BACA9E /* CoreGraphics.framework */; };
		F207A33615A65E8900BACA9E /* InfoPlist.strings in Resources */ = {isa = PBXBuildFile; fileRef = F207A33415A65E8900BACA9E /* InfoPlist.strings */; };
		F207A33815A65E8900BACA9E /* main.m in Sources */ = {isa = PBXBuildFile; fileRef = F207A33715A65E8900BACA9E /* main.m */; };
		F207A33C15A65E8900BACA9E /* AppDelegate.m in Sources */ = {isa = PBXBuildFile; fileRef = F207A33B15A65E8900BACA9E /* AppDelegate.m */; };
		F207A33F15A65E8900BACA9E /* MainStoryboard.storyboard in Resources */ = {isa = PBXBuildFile; fileRef = F207A33D15A65E8900BACA9E /* MainStoryboard.storyboard */; };
		F207A34215A65E8900BACA9E /* FirstViewController.m in Sources */ = {isa = PBXBuildFile; fileRef = F207A34115A65E8900BACA9E /* FirstViewController.m */; };
		F207A34415A65E8900BACA9E /* first.png in Resources */ = {isa = PBXBuildFile; fileRef = F207A34315A65E8900BACA9E /* first.png */; };
		F207A34615A65E8900BACA9E /* first@2x.png in Resources */ = {isa = PBXBuildFile; fileRef = F207A34515A65E8900BACA9E /* first@2x.png */; };
		F207A34915A65E8900BACA9E /* SecondViewController.m in Sources */ = {isa = PBXBuildFile; fileRef = F207A34815A65E8900BACA9E /* SecondViewController.m */; };
		F207A34B15A65E8900BACA9E /* second.png in Resources */ = {isa = PBXBuildFile; fileRef = F207A34A15A65E8900BACA9E /* second.png */; };
		F207A34D15A65E8900BACA9E /* second@2x.png in Resources */ = {isa = PBXBuildFile; fileRef = F207A34C15A65E8900BACA9E /* second@2x.png */; };
		F207A3DE15A6C5CB00BACA9E /* HighlightingTextView.m in Sources */ = {isa = PBXBuildFile; fileRef = F207A3D415A6C5CB00BACA9E /* HighlightingTextView.m */; };
		F207A3DF15A6C5CB00BACA9E /* JVerse.xcdatamodel in Sources */ = {isa = PBXBuildFile; fileRef = F207A3D515A6C5CB00BACA9E /* JVerse.xcdatamodel */; };
		F207A3E015A6C5CB00BACA9E /* QuoteCell.m in Sources */ = {isa = PBXBuildFile; fileRef = F207A3D715A6C5CB00BACA9E /* QuoteCell.m */; };
		F207A3E115A6C5CB00BACA9E /* RootViewController.m in Sources */ = {isa = PBXBuildFile; fileRef = F207A3D915A6C5CB00BACA9E /* RootViewController.m */; };
		F207A3E215A6C5CB00BACA9E /* SectionHeaderView.m in Sources */ = {isa = PBXBuildFile; fileRef = F207A3DB15A6C5CB00BACA9E /* SectionHeaderView.m */; };
		F207A3E315A6C5CB00BACA9E /* SectionInfo.m in Sources */ = {isa = PBXBuildFile; fileRef = F207A3DD15A6C5CB00BACA9E /* SectionInfo.m */; };
		F207A3E515A6C5F000BACA9E /* CoreData.framework in Frameworks */ = {isa = PBXBuildFile; fileRef = F207A3E415A6C5F000BACA9E /* CoreData.framework */; };
		F207A3E715A6C60900BACA9E /* MessageUI.framework in Frameworks */ = {isa = PBXBuildFile; fileRef = F207A3E615A6C60900BACA9E /* MessageUI.framework */; };
		F207A3E915A6C61800BACA9E /* Twitter.framework in Frameworks */ = {isa = PBXBuildFile; fileRef = F207A3E815A6C61800BACA9E /* Twitter.framework */; };
		F207A3EB15A6C62300BACA9E /* QuartzCore.framework in Frameworks */ = {isa = PBXBuildFile; fileRef = F207A3EA15A6C62300BACA9E /* QuartzCore.framework */; };
		F207A3F515A6C68100BACA9E /* carat-open.png in Resources */ = {isa = PBXBuildFile; fileRef = F207A3EC15A6C68100BACA9E /* carat-open.png */; };
		F207A3F615A6C68100BACA9E /* carat.png in Resources */ = {isa = PBXBuildFile; fileRef = F207A3ED15A6C68100BACA9E /* carat.png */; };
		F207A3F715A6C68100BACA9E /* Default.png in Resources */ = {isa = PBXBuildFile; fileRef = F207A3EE15A6C68100BACA9E /* Default.png */; };
		F207A3F815A6C68100BACA9E /* Default@2x.png in Resources */ = {isa = PBXBuildFile; fileRef = F207A3EF15A6C68100BACA9E /* Default@2x.png */; };
		F207A3F915A6C68100BACA9E /* Icon-72.png in Resources */ = {isa = PBXBuildFile; fileRef = F207A3F015A6C68100BACA9E /* Icon-72.png */; };
		F207A3FA15A6C68100BACA9E /* Icon-Small-50.png in Resources */ = {isa = PBXBuildFile; fileRef = F207A3F115A6C68100BACA9E /* Icon-Small-50.png */; };
		F207A3FB15A6C68100BACA9E /* Icon-Small.png in Resources */ = {isa = PBXBuildFile; fileRef = F207A3F215A6C68100BACA9E /* Icon-Small.png */; };
		F207A3FC15A6C68100BACA9E /* Icon-Small@2x.png in Resources */ = {isa = PBXBuildFile; fileRef = F207A3F315A6C68100BACA9E /* Icon-Small@2x.png */; };
		F207A3FD15A6C68100BACA9E /* iTunesArtwork in Resources */ = {isa = PBXBuildFile; fileRef = F207A3F415A6C68100BACA9E /* iTunesArtwork */; };
		F207A40015A6C7CC00BACA9E /* BookViewController.m in Sources */ = {isa = PBXBuildFile; fileRef = F207A3FF15A6C7CC00BACA9E /* BookViewController.m */; };
		F207A40315A6C7EC00BACA9E /* AuthorViewController.m in Sources */ = {isa = PBXBuildFile; fileRef = F207A40215A6C7EC00BACA9E /* AuthorViewController.m */; };
		F207A40615A6CBEE00BACA9E /* Verse.m in Sources */ = {isa = PBXBuildFile; fileRef = F207A40515A6CBEE00BACA9E /* Verse.m */; };
		F207A40815A6CD7200BACA9E /* JVerse.sqlite in Resources */ = {isa = PBXBuildFile; fileRef = F207A40715A6CD7200BACA9E /* JVerse.sqlite */; };
		F207A40B15A6CEA300BACA9E /* SettingViewController.m in Sources */ = {isa = PBXBuildFile; fileRef = F207A40A15A6CEA300BACA9E /* SettingViewController.m */; };
		F207A40D15A6DA5600BACA9E /* Icon.png in Resources */ = {isa = PBXBuildFile; fileRef = F207A40C15A6DA5600BACA9E /* Icon.png */; };
		F207A40F15A6DA5F00BACA9E /* Icon@2x.png in Resources */ = {isa = PBXBuildFile; fileRef = F207A40E15A6DA5F00BACA9E /* Icon@2x.png */; };
		F207A41615A70E9600BACA9E /* distance.png in Resources */ = {isa = PBXBuildFile; fileRef = F207A41015A70E9600BACA9E /* distance.png */; };
		F207A41715A70E9600BACA9E /* distance@2x.png in Resources */ = {isa = PBXBuildFile; fileRef = F207A41115A70E9600BACA9E /* distance@2x.png */; };
		F207A41815A70E9600BACA9E /* forward.png in Resources */ = {isa = PBXBuildFile; fileRef = F207A41215A70E9600BACA9E /* forward.png */; };
		F207A41915A70E9600BACA9E /* forward@2x.png in Resources */ = {isa = PBXBuildFile; fileRef = F207A41315A70E9600BACA9E /* forward@2x.png */; };
		F207A41A15A70E9600BACA9E /* reverse.png in Resources */ = {isa = PBXBuildFile; fileRef = F207A41415A70E9600BACA9E /* reverse.png */; };
		F207A41B15A70E9600BACA9E /* reverse@2x.png in Resources */ = {isa = PBXBuildFile; fileRef = F207A41515A70E9600BACA9E /* reverse@2x.png */; };
		F207A41E15A70F1E00BACA9E /* convert.png in Resources */ = {isa = PBXBuildFile; fileRef = F207A41C15A70F1E00BACA9E /* convert.png */; };
		F207A41F15A70F1E00BACA9E /* fork.png in Resources */ = {isa = PBXBuildFile; fileRef = F207A41D15A70F1E00BACA9E /* fork.png */; };
		F246374015D9DBE800C62AED /* BookShelfTableViewController.m in Sources */ = {isa = PBXBuildFile; fileRef = F246373F15D9DBE800C62AED /* BookShelfTableViewController.m */; };
		F26F7EB515A8FFB20096D8E1 /* Verse+BookTitle.m in Sources */ = {isa = PBXBuildFile; fileRef = F26F7EB415A8FFB20096D8E1 /* Verse+BookTitle.m */; };
		F287367B15ACFFBB008EC35D /* Settings.bundle in Resources */ = {isa = PBXBuildFile; fileRef = F287367A15ACFFBB008EC35D /* Settings.bundle */; };
/* End PBXBuildFile section */

/* Begin PBXFileReference section */
		F207A32715A65E8900BACA9E /* Norico.app */ = {isa = PBXFileReference; explicitFileType = wrapper.application; includeInIndex = 0; path = Norico.app; sourceTree = BUILT_PRODUCTS_DIR; };
		F207A32B15A65E8900BACA9E /* UIKit.framework */ = {isa = PBXFileReference; lastKnownFileType = wrapper.framework; name = UIKit.framework; path = System/Library/Frameworks/UIKit.framework; sourceTree = SDKROOT; };
		F207A32D15A65E8900BACA9E /* Foundation.framework */ = {isa = PBXFileReference; lastKnownFileType = wrapper.framework; name = Foundation.framework; path = System/Library/Frameworks/Foundation.framework; sourceTree = SDKROOT; };
		F207A32F15A65E8900BACA9E /* CoreGraphics.framework */ = {isa = PBXFileReference; lastKnownFileType = wrapper.framework; name = CoreGraphics.framework; path = System/Library/Frameworks/CoreGraphics.framework; sourceTree = SDKROOT; };
		F207A33315A65E8900BACA9E /* Norico-Info.plist */ = {isa = PBXFileReference; lastKnownFileType = text.plist.xml; path = "Norico-Info.plist"; sourceTree = "<group>"; };
		F207A33515A65E8900BACA9E /* en */ = {isa = PBXFileReference; lastKnownFileType = text.plist.strings; name = en; path = en.lproj/InfoPlist.strings; sourceTree = "<group>"; };
		F207A33715A65E8900BACA9E /* main.m */ = {isa = PBXFileReference; lastKnownFileType = sourcecode.c.objc; path = main.m; sourceTree = "<group>"; };
		F207A33915A65E8900BACA9E /* Norico-Prefix.pch */ = {isa = PBXFileReference; lastKnownFileType = sourcecode.c.h; path = "Norico-Prefix.pch"; sourceTree = "<group>"; };
		F207A33A15A65E8900BACA9E /* AppDelegate.h */ = {isa = PBXFileReference; lastKnownFileType = sourcecode.c.h; path = AppDelegate.h; sourceTree = "<group>"; };
		F207A33B15A65E8900BACA9E /* AppDelegate.m */ = {isa = PBXFileReference; lastKnownFileType = sourcecode.c.objc; path = AppDelegate.m; sourceTree = "<group>"; };
		F207A33E15A65E8900BACA9E /* en */ = {isa = PBXFileReference; lastKnownFileType = file.storyboard; name = en; path = en.lproj/MainStoryboard.storyboard; sourceTree = "<group>"; };
		F207A34015A65E8900BACA9E /* FirstViewController.h */ = {isa = PBXFileReference; lastKnownFileType = sourcecode.c.h; path = FirstViewController.h; sourceTree = "<group>"; };
		F207A34115A65E8900BACA9E /* FirstViewController.m */ = {isa = PBXFileReference; lastKnownFileType = sourcecode.c.objc; path = FirstViewController.m; sourceTree = "<group>"; };
		F207A34315A65E8900BACA9E /* first.png */ = {isa = PBXFileReference; lastKnownFileType = image.png; path = first.png; sourceTree = "<group>"; };
		F207A34515A65E8900BACA9E /* first@2x.png */ = {isa = PBXFileReference; lastKnownFileType = image.png; path = "first@2x.png"; sourceTree = "<group>"; };
		F207A34715A65E8900BACA9E /* SecondViewController.h */ = {isa = PBXFileReference; lastKnownFileType = sourcecode.c.h; path = SecondViewController.h; sourceTree = "<group>"; };
		F207A34815A65E8900BACA9E /* SecondViewController.m */ = {isa = PBXFileReference; lastKnownFileType = sourcecode.c.objc; path = SecondViewController.m; sourceTree = "<group>"; };
		F207A34A15A65E8900BACA9E /* second.png */ = {isa = PBXFileReference; lastKnownFileType = image.png; path = second.png; sourceTree = "<group>"; };
		F207A34C15A65E8900BACA9E /* second@2x.png */ = {isa = PBXFileReference; lastKnownFileType = image.png; path = "second@2x.png"; sourceTree = "<group>"; };
		F207A3D315A6C5CB00BACA9E /* HighlightingTextView.h */ = {isa = PBXFileReference; fileEncoding = 4; lastKnownFileType = sourcecode.c.h; path = HighlightingTextView.h; sourceTree = "<group>"; };
		F207A3D415A6C5CB00BACA9E /* HighlightingTextView.m */ = {isa = PBXFileReference; fileEncoding = 4; lastKnownFileType = sourcecode.c.objc; path = HighlightingTextView.m; sourceTree = "<group>"; };
		F207A3D515A6C5CB00BACA9E /* JVerse.xcdatamodel */ = {isa = PBXFileReference; lastKnownFileType = wrapper.xcdatamodel; path = JVerse.xcdatamodel; sourceTree = "<group>"; };
		F207A3D615A6C5CB00BACA9E /* QuoteCell.h */ = {isa = PBXFileReference; fileEncoding = 4; lastKnownFileType = sourcecode.c.h; path = QuoteCell.h; sourceTree = "<group>"; };
		F207A3D715A6C5CB00BACA9E /* QuoteCell.m */ = {isa = PBXFileReference; fileEncoding = 4; lastKnownFileType = sourcecode.c.objc; path = QuoteCell.m; sourceTree = "<group>"; };
		F207A3D815A6C5CB00BACA9E /* RootViewController.h */ = {isa = PBXFileReference; fileEncoding = 4; lastKnownFileType = sourcecode.c.h; path = RootViewController.h; sourceTree = "<group>"; };
		F207A3D915A6C5CB00BACA9E /* RootViewController.m */ = {isa = PBXFileReference; fileEncoding = 4; lastKnownFileType = sourcecode.c.objc; path = RootViewController.m; sourceTree = "<group>"; };
		F207A3DA15A6C5CB00BACA9E /* SectionHeaderView.h */ = {isa = PBXFileReference; fileEncoding = 4; lastKnownFileType = sourcecode.c.h; path = SectionHeaderView.h; sourceTree = "<group>"; };
		F207A3DB15A6C5CB00BACA9E /* SectionHeaderView.m */ = {isa = PBXFileReference; fileEncoding = 4; lastKnownFileType = sourcecode.c.objc; path = SectionHeaderView.m; sourceTree = "<group>"; };
		F207A3DC15A6C5CB00BACA9E /* SectionInfo.h */ = {isa = PBXFileReference; fileEncoding = 4; lastKnownFileType = sourcecode.c.h; path = SectionInfo.h; sourceTree = "<group>"; };
		F207A3DD15A6C5CB00BACA9E /* SectionInfo.m */ = {isa = PBXFileReference; fileEncoding = 4; lastKnownFileType = sourcecode.c.objc; path = SectionInfo.m; sourceTree = "<group>"; };
		F207A3E415A6C5F000BACA9E /* CoreData.framework */ = {isa = PBXFileReference; lastKnownFileType = wrapper.framework; name = CoreData.framework; path = System/Library/Frameworks/CoreData.framework; sourceTree = SDKROOT; };
		F207A3E615A6C60900BACA9E /* MessageUI.framework */ = {isa = PBXFileReference; lastKnownFileType = wrapper.framework; name = MessageUI.framework; path = System/Library/Frameworks/MessageUI.framework; sourceTree = SDKROOT; };
		F207A3E815A6C61800BACA9E /* Twitter.framework */ = {isa = PBXFileReference; lastKnownFileType = wrapper.framework; name = Twitter.framework; path = System/Library/Frameworks/Twitter.framework; sourceTree = SDKROOT; };
		F207A3EA15A6C62300BACA9E /* QuartzCore.framework */ = {isa = PBXFileReference; lastKnownFileType = wrapper.framework; name = QuartzCore.framework; path = System/Library/Frameworks/QuartzCore.framework; sourceTree = SDKROOT; };
		F207A3EC15A6C68100BACA9E /* carat-open.png */ = {isa = PBXFileReference; lastKnownFileType = image.png; path = "carat-open.png"; sourceTree = "<group>"; };
		F207A3ED15A6C68100BACA9E /* carat.png */ = {isa = PBXFileReference; lastKnownFileType = image.png; path = carat.png; sourceTree = "<group>"; };
		F207A3EE15A6C68100BACA9E /* Default.png */ = {isa = PBXFileReference; lastKnownFileType = image.png; path = Default.png; sourceTree = "<group>"; };
		F207A3EF15A6C68100BACA9E /* Default@2x.png */ = {isa = PBXFileReference; lastKnownFileType = image.png; path = "Default@2x.png"; sourceTree = "<group>"; };
		F207A3F015A6C68100BACA9E /* Icon-72.png */ = {isa = PBXFileReference; lastKnownFileType = image.png; path = "Icon-72.png"; sourceTree = "<group>"; };
		F207A3F115A6C68100BACA9E /* Icon-Small-50.png */ = {isa = PBXFileReference; lastKnownFileType = image.png; path = "Icon-Small-50.png"; sourceTree = "<group>"; };
		F207A3F215A6C68100BACA9E /* Icon-Small.png */ = {isa = PBXFileReference; lastKnownFileType = image.png; path = "Icon-Small.png"; sourceTree = "<group>"; };
		F207A3F315A6C68100BACA9E /* Icon-Small@2x.png */ = {isa = PBXFileReference; lastKnownFileType = image.png; path = "Icon-Small@2x.png"; sourceTree = "<group>"; };
		F207A3F415A6C68100BACA9E /* iTunesArtwork */ = {isa = PBXFileReference; lastKnownFileType = file; path = iTunesArtwork; sourceTree = "<group>"; };
		F207A3FE15A6C7CC00BACA9E /* BookViewController.h */ = {isa = PBXFileReference; fileEncoding = 4; lastKnownFileType = sourcecode.c.h; path = BookViewController.h; sourceTree = "<group>"; };
		F207A3FF15A6C7CC00BACA9E /* BookViewController.m */ = {isa = PBXFileReference; fileEncoding = 4; lastKnownFileType = sourcecode.c.objc; path = BookViewController.m; sourceTree = "<group>"; };
		F207A40115A6C7EC00BACA9E /* AuthorViewController.h */ = {isa = PBXFileReference; fileEncoding = 4; lastKnownFileType = sourcecode.c.h; path = AuthorViewController.h; sourceTree = "<group>"; };
		F207A40215A6C7EC00BACA9E /* AuthorViewController.m */ = {isa = PBXFileReference; fileEncoding = 4; lastKnownFileType = sourcecode.c.objc; path = AuthorViewController.m; sourceTree = "<group>"; };
		F207A40415A6CBEE00BACA9E /* Verse.h */ = {isa = PBXFileReference; fileEncoding = 4; lastKnownFileType = sourcecode.c.h; path = Verse.h; sourceTree = "<group>"; };
		F207A40515A6CBEE00BACA9E /* Verse.m */ = {isa = PBXFileReference; fileEncoding = 4; lastKnownFileType = sourcecode.c.objc; path = Verse.m; sourceTree = "<group>"; };
		F207A40715A6CD7200BACA9E /* JVerse.sqlite */ = {isa = PBXFileReference; lastKnownFileType = file; path = JVerse.sqlite; sourceTree = "<group>"; };
		F207A40915A6CEA300BACA9E /* SettingViewController.h */ = {isa = PBXFileReference; fileEncoding = 4; lastKnownFileType = sourcecode.c.h; path = SettingViewController.h; sourceTree = "<group>"; };
		F207A40A15A6CEA300BACA9E /* SettingViewController.m */ = {isa = PBXFileReference; fileEncoding = 4; lastKnownFileType = sourcecode.c.objc; path = SettingViewController.m; sourceTree = "<group>"; };
		F207A40C15A6DA5600BACA9E /* Icon.png */ = {isa = PBXFileReference; lastKnownFileType = image.png; path = Icon.png; sourceTree = "<group>"; };
		F207A40E15A6DA5F00BACA9E /* Icon@2x.png */ = {isa = PBXFileReference; lastKnownFileType = image.png; path = "Icon@2x.png"; sourceTree = "<group>"; };
		F207A41015A70E9600BACA9E /* distance.png */ = {isa = PBXFileReference; lastKnownFileType = image.png; path = distance.png; sourceTree = "<group>"; };
		F207A41115A70E9600BACA9E /* distance@2x.png */ = {isa = PBXFileReference; lastKnownFileType = image.png; path = "distance@2x.png"; sourceTree = "<group>"; };
		F207A41215A70E9600BACA9E /* forward.png */ = {isa = PBXFileReference; lastKnownFileType = image.png; path = forward.png; sourceTree = "<group>"; };
		F207A41315A70E9600BACA9E /* forward@2x.png */ = {isa = PBXFileReference; lastKnownFileType = image.png; path = "forward@2x.png"; sourceTree = "<group>"; };
		F207A41415A70E9600BACA9E /* reverse.png */ = {isa = PBXFileReference; lastKnownFileType = image.png; path = reverse.png; sourceTree = "<group>"; };
		F207A41515A70E9600BACA9E /* reverse@2x.png */ = {isa = PBXFileReference; lastKnownFileType = image.png; path = "reverse@2x.png"; sourceTree = "<group>"; };
		F207A41C15A70F1E00BACA9E /* convert.png */ = {isa = PBXFileReference; lastKnownFileType = image.png; path = convert.png; sourceTree = "<group>"; };
		F207A41D15A70F1E00BACA9E /* fork.png */ = {isa = PBXFileReference; lastKnownFileType = image.png; path = fork.png; sourceTree = "<group>"; };
		F246373E15D9DBE800C62AED /* BookShelfTableViewController.h */ = {isa = PBXFileReference; fileEncoding = 4; lastKnownFileType = sourcecode.c.h; path = BookShelfTableViewController.h; sourceTree = "<group>"; };
		F246373F15D9DBE800C62AED /* BookShelfTableViewController.m */ = {isa = PBXFileReference; fileEncoding = 4; lastKnownFileType = sourcecode.c.objc; path = BookShelfTableViewController.m; sourceTree = "<group>"; };
		F26F7EB315A8FFB10096D8E1 /* Verse+BookTitle.h */ = {isa = PBXFileReference; fileEncoding = 4; lastKnownFileType = sourcecode.c.h; path = "Verse+BookTitle.h"; sourceTree = "<group>"; };
		F26F7EB415A8FFB20096D8E1 /* Verse+BookTitle.m */ = {isa = PBXFileReference; fileEncoding = 4; lastKnownFileType = sourcecode.c.objc; path = "Verse+BookTitle.m"; sourceTree = "<group>"; };
		F287367A15ACFFBB008EC35D /* Settings.bundle */ = {isa = PBXFileReference; lastKnownFileType = "wrapper.plug-in"; path = Settings.bundle; sourceTree = "<group>"; };
/* End PBXFileReference section */

/* Begin PBXFrameworksBuildPhase section */
		F207A32415A65E8900BACA9E /* Frameworks */ = {
			isa = PBXFrameworksBuildPhase;
			buildActionMask = 2147483647;
			files = (
				F207A3EB15A6C62300BACA9E /* QuartzCore.framework in Frameworks */,
				F207A3E915A6C61800BACA9E /* Twitter.framework in Frameworks */,
				F207A3E715A6C60900BACA9E /* MessageUI.framework in Frameworks */,
				F207A3E515A6C5F000BACA9E /* CoreData.framework in Frameworks */,
				F207A32C15A65E8900BACA9E /* UIKit.framework in Frameworks */,
				F207A32E15A65E8900BACA9E /* Foundation.framework in Frameworks */,
				F207A33015A65E8900BACA9E /* CoreGraphics.framework in Frameworks */,
			);
			runOnlyForDeploymentPostprocessing = 0;
		};
/* End PBXFrameworksBuildPhase section */

/* Begin PBXGroup section */
		F207A31C15A65E8900BACA9E = {
			isa = PBXGroup;
			children = (
				F207A40E15A6DA5F00BACA9E /* Icon@2x.png */,
				F207A40C15A6DA5600BACA9E /* Icon.png */,
				F207A33115A65E8900BACA9E /* Norico */,
				F207A32A15A65E8900BACA9E /* Frameworks */,
				F207A32815A65E8900BACA9E /* Products */,
			);
			sourceTree = "<group>";
		};
		F207A32815A65E8900BACA9E /* Products */ = {
			isa = PBXGroup;
			children = (
				F207A32715A65E8900BACA9E /* Norico.app */,
			);
			name = Products;
			sourceTree = "<group>";
		};
		F207A32A15A65E8900BACA9E /* Frameworks */ = {
			isa = PBXGroup;
			children = (
				F207A3E615A6C60900BACA9E /* MessageUI.framework */,
				F207A3E815A6C61800BACA9E /* Twitter.framework */,
				F207A3EA15A6C62300BACA9E /* QuartzCore.framework */,
				F207A3E415A6C5F000BACA9E /* CoreData.framework */,
				F207A32B15A65E8900BACA9E /* UIKit.framework */,
				F207A32D15A65E8900BACA9E /* Foundation.framework */,
				F207A32F15A65E8900BACA9E /* CoreGraphics.framework */,
			);
			name = Frameworks;
			sourceTree = "<group>";
		};
		F207A33115A65E8900BACA9E /* Norico */ = {
			isa = PBXGroup;
			children = (
				F207A3D315A6C5CB00BACA9E /* HighlightingTextView.h */,
				F207A40115A6C7EC00BACA9E /* AuthorViewController.h */,
				F207A40215A6C7EC00BACA9E /* AuthorViewController.m */,
				F207A3D415A6C5CB00BACA9E /* HighlightingTextView.m */,
				F207A3D515A6C5CB00BACA9E /* JVerse.xcdatamodel */,
				F207A40415A6CBEE00BACA9E /* Verse.h */,
				F26F7EB315A8FFB10096D8E1 /* Verse+BookTitle.h */,
				F26F7EB415A8FFB20096D8E1 /* Verse+BookTitle.m */,
				F207A40515A6CBEE00BACA9E /* Verse.m */,
				F207A3D615A6C5CB00BACA9E /* QuoteCell.h */,
				F207A3D715A6C5CB00BACA9E /* QuoteCell.m */,
				F207A40715A6CD7200BACA9E /* JVerse.sqlite */,
				F207A3D815A6C5CB00BACA9E /* RootViewController.h */,
				F207A3D915A6C5CB00BACA9E /* RootViewController.m */,
				F207A3DA15A6C5CB00BACA9E /* SectionHeaderView.h */,
				F207A3DB15A6C5CB00BACA9E /* SectionHeaderView.m */,
				F207A3DC15A6C5CB00BACA9E /* SectionInfo.h */,
				F207A3DD15A6C5CB00BACA9E /* SectionInfo.m */,
				F207A33A15A65E8900BACA9E /* AppDelegate.h */,
				F207A33B15A65E8900BACA9E /* AppDelegate.m */,
				F207A33D15A65E8900BACA9E /* MainStoryboard.storyboard */,
				F246373E15D9DBE800C62AED /* BookShelfTableViewController.h */,
				F246373F15D9DBE800C62AED /* BookShelfTableViewController.m */,
				F207A3FE15A6C7CC00BACA9E /* BookViewController.h */,
				F207A3FF15A6C7CC00BACA9E /* BookViewController.m */,
				F207A34015A65E8900BACA9E /* FirstViewController.h */,
				F207A34115A65E8900BACA9E /* FirstViewController.m */,
				F207A40915A6CEA300BACA9E /* SettingViewController.h */,
				F207A40A15A6CEA300BACA9E /* SettingViewController.m */,
				F207A34315A65E8900BACA9E /* first.png */,
				F207A34515A65E8900BACA9E /* first@2x.png */,
				F207A34715A65E8900BACA9E /* SecondViewController.h */,
				F207A34815A65E8900BACA9E /* SecondViewController.m */,
				F207A34A15A65E8900BACA9E /* second.png */,
				F207A34C15A65E8900BACA9E /* second@2x.png */,
				F207A33215A65E8900BACA9E /* Supporting Files */,
			);
			path = Norico;
			sourceTree = "<group>";
		};
		F207A33215A65E8900BACA9E /* Supporting Files */ = {
			isa = PBXGroup;
			children = (
				F207A3EC15A6C68100BACA9E /* carat-open.png */,
				F207A41C15A70F1E00BACA9E /* convert.png */,
				F207A41D15A70F1E00BACA9E /* fork.png */,
				F207A41015A70E9600BACA9E /* distance.png */,
				F207A41115A70E9600BACA9E /* distance@2x.png */,
				F207A41215A70E9600BACA9E /* forward.png */,
				F207A41315A70E9600BACA9E /* forward@2x.png */,
				F207A41415A70E9600BACA9E /* reverse.png */,
				F207A41515A70E9600BACA9E /* reverse@2x.png */,
				F207A3ED15A6C68100BACA9E /* carat.png */,
				F207A3EE15A6C68100BACA9E /* Default.png */,
				F207A3EF15A6C68100BACA9E /* Default@2x.png */,
				F207A3F015A6C68100BACA9E /* Icon-72.png */,
				F207A3F115A6C68100BACA9E /* Icon-Small-50.png */,
				F207A3F215A6C68100BACA9E /* Icon-Small.png */,
				F207A3F315A6C68100BACA9E /* Icon-Small@2x.png */,
				F207A3F415A6C68100BACA9E /* iTunesArtwork */,
				F207A33315A65E8900BACA9E /* Norico-Info.plist */,
				F207A33415A65E8900BACA9E /* InfoPlist.strings */,
				F207A33715A65E8900BACA9E /* main.m */,
				F207A33915A65E8900BACA9E /* Norico-Prefix.pch */,
				F287367A15ACFFBB008EC35D /* Settings.bundle */,
			);
			name = "Supporting Files";
			sourceTree = "<group>";
		};
/* End PBXGroup section */

/* Begin PBXNativeTarget section */
		F207A32615A65E8900BACA9E /* Norico */ = {
			isa = PBXNativeTarget;
			buildConfigurationList = F207A35015A65E8900BACA9E /* Build configuration list for PBXNativeTarget "Norico" */;
			buildPhases = (
				F207A32315A65E8900BACA9E /* Sources */,
				F207A32415A65E8900BACA9E /* Frameworks */,
				F207A32515A65E8900BACA9E /* Resources */,
			);
			buildRules = (
			);
			dependencies = (
			);
			name = Norico;
			productName = Norico;
			productReference = F207A32715A65E8900BACA9E /* Norico.app */;
			productType = "com.apple.product-type.application";
		};
/* End PBXNativeTarget section */

/* Begin PBXProject section */
		F207A31E15A65E8900BACA9E /* Project object */ = {
			isa = PBXProject;
			attributes = {
				LastUpgradeCheck = 0430;
				ORGANIZATIONNAME = "Norimasa Nabeta";
			};
			buildConfigurationList = F207A32115A65E8900BACA9E /* Build configuration list for PBXProject "Norico" */;
			compatibilityVersion = "Xcode 3.2";
			developmentRegion = English;
			hasScannedForEncodings = 0;
			knownRegions = (
				en,
			);
			mainGroup = F207A31C15A65E8900BACA9E;
			productRefGroup = F207A32815A65E8900BACA9E /* Products */;
			projectDirPath = "";
			projectRoot = "";
			targets = (
				F207A32615A65E8900BACA9E /* Norico */,
			);
		};
/* End PBXProject section */

/* Begin PBXResourcesBuildPhase section */
		F207A32515A65E8900BACA9E /* Resources */ = {
			isa = PBXResourcesBuildPhase;
			buildActionMask = 2147483647;
			files = (
				F207A33615A65E8900BACA9E /* InfoPlist.strings in Resources */,
				F207A33F15A65E8900BACA9E /* MainStoryboard.storyboard in Resources */,
				F207A34415A65E8900BACA9E /* first.png in Resources */,
				F207A34615A65E8900BACA9E /* first@2x.png in Resources */,
				F207A34B15A65E8900BACA9E /* second.png in Resources */,
				F207A34D15A65E8900BACA9E /* second@2x.png in Resources */,
				F207A3F515A6C68100BACA9E /* carat-open.png in Resources */,
				F207A3F615A6C68100BACA9E /* carat.png in Resources */,
				F207A3F715A6C68100BACA9E /* Default.png in Resources */,
				F207A3F815A6C68100BACA9E /* Default@2x.png in Resources */,
				F207A3F915A6C68100BACA9E /* Icon-72.png in Resources */,
				F207A3FA15A6C68100BACA9E /* Icon-Small-50.png in Resources */,
				F207A3FB15A6C68100BACA9E /* Icon-Small.png in Resources */,
				F207A3FC15A6C68100BACA9E /* Icon-Small@2x.png in Resources */,
				F207A3FD15A6C68100BACA9E /* iTunesArtwork in Resources */,
				F207A40815A6CD7200BACA9E /* JVerse.sqlite in Resources */,
				F207A40D15A6DA5600BACA9E /* Icon.png in Resources */,
				F207A40F15A6DA5F00BACA9E /* Icon@2x.png in Resources */,
				F207A41615A70E9600BACA9E /* distance.png in Resources */,
				F207A41715A70E9600BACA9E /* distance@2x.png in Resources */,
				F207A41815A70E9600BACA9E /* forward.png in Resources */,
				F207A41915A70E9600BACA9E /* forward@2x.png in Resources */,
				F207A41A15A70E9600BACA9E /* reverse.png in Resources */,
				F207A41B15A70E9600BACA9E /* reverse@2x.png in Resources */,
				F207A41E15A70F1E00BACA9E /* convert.png in Resources */,
				F207A41F15A70F1E00BACA9E /* fork.png in Resources */,
				F287367B15ACFFBB008EC35D /* Settings.bundle in Resources */,
			);
			runOnlyForDeploymentPostprocessing = 0;
		};
/* End PBXResourcesBuildPhase section */

/* Begin PBXSourcesBuildPhase section */
		F207A32315A65E8900BACA9E /* Sources */ = {
			isa = PBXSourcesBuildPhase;
			buildActionMask = 2147483647;
			files = (
				F207A33815A65E8900BACA9E /* main.m in Sources */,
				F207A33C15A65E8900BACA9E /* AppDelegate.m in Sources */,
				F207A34215A65E8900BACA9E /* FirstViewController.m in Sources */,
				F207A34915A65E8900BACA9E /* SecondViewController.m in Sources */,
				F207A3DE15A6C5CB00BACA9E /* HighlightingTextView.m in Sources */,
				F207A3DF15A6C5CB00BACA9E /* JVerse.xcdatamodel in Sources */,
				F207A3E015A6C5CB00BACA9E /* QuoteCell.m in Sources */,
				F207A3E115A6C5CB00BACA9E /* RootViewController.m in Sources */,
				F207A3E215A6C5CB00BACA9E /* SectionHeaderView.m in Sources */,
				F207A3E315A6C5CB00BACA9E /* SectionInfo.m in Sources */,
				F207A40015A6C7CC00BACA9E /* BookViewController.m in Sources */,
				F207A40315A6C7EC00BACA9E /* AuthorViewController.m in Sources */,
				F207A40615A6CBEE00BACA9E /* Verse.m in Sources */,
				F207A40B15A6CEA300BACA9E /* SettingViewController.m in Sources */,
				F26F7EB515A8FFB20096D8E1 /* Verse+BookTitle.m in Sources */,
				F246374015D9DBE800C62AED /* BookShelfTableViewController.m in Sources */,
			);
			runOnlyForDeploymentPostprocessing = 0;
		};
/* End PBXSourcesBuildPhase section */

/* Begin PBXVariantGroup section */
		F207A33415A65E8900BACA9E /* InfoPlist.strings */ = {
			isa = PBXVariantGroup;
			children = (
				F207A33515A65E8900BACA9E /* en */,
			);
			name = InfoPlist.strings;
			sourceTree = "<group>";
		};
		F207A33D15A65E8900BACA9E /* MainStoryboard.storyboard */ = {
			isa = PBXVariantGroup;
			children = (
				F207A33E15A65E8900BACA9E /* en */,
			);
			name = MainStoryboard.storyboard;
			sourceTree = "<group>";
		};
/* End PBXVariantGroup section */

/* Begin XCBuildConfiguration section */
		F207A34E15A65E8900BACA9E /* Debug */ = {
			isa = XCBuildConfiguration;
			buildSettings = {
				ALWAYS_SEARCH_USER_PATHS = NO;
				ARCHS = "$(ARCHS_STANDARD_32_BIT)";
				CLANG_ENABLE_OBJC_ARC = YES;
				"CODE_SIGN_IDENTITY[sdk=iphoneos*]" = "iPhone Developer";
				COPY_PHASE_STRIP = NO;
				GCC_C_LANGUAGE_STANDARD = gnu99;
				GCC_DYNAMIC_NO_PIC = NO;
				GCC_OPTIMIZATION_LEVEL = 0;
				GCC_PREPROCESSOR_DEFINITIONS = (
					"DEBUG=1",
					"$(inherited)",
				);
				GCC_SYMBOLS_PRIVATE_EXTERN = NO;
				GCC_VERSION = com.apple.compilers.llvm.clang.1_0;
				GCC_WARN_ABOUT_RETURN_TYPE = YES;
				GCC_WARN_UNINITIALIZED_AUTOS = YES;
				GCC_WARN_UNUSED_VARIABLE = YES;
				IPHONEOS_DEPLOYMENT_TARGET = 5.1;
				SDKROOT = iphoneos;
			};
			name = Debug;
		};
		F207A34F15A65E8900BACA9E /* Release */ = {
			isa = XCBuildConfiguration;
			buildSettings = {
				ALWAYS_SEARCH_USER_PATHS = NO;
				ARCHS = "$(ARCHS_STANDARD_32_BIT)";
				CLANG_ENABLE_OBJC_ARC = YES;
				"CODE_SIGN_IDENTITY[sdk=iphoneos*]" = "iPhone Developer";
				COPY_PHASE_STRIP = YES;
				GCC_C_LANGUAGE_STANDARD = gnu99;
				GCC_VERSION = com.apple.compilers.llvm.clang.1_0;
				GCC_WARN_ABOUT_RETURN_TYPE = YES;
				GCC_WARN_UNINITIALIZED_AUTOS = YES;
				GCC_WARN_UNUSED_VARIABLE = YES;
				IPHONEOS_DEPLOYMENT_TARGET = 5.1;
				OTHER_CFLAGS = "-DNS_BLOCK_ASSERTIONS=1";
				SDKROOT = iphoneos;
				VALIDATE_PRODUCT = YES;
			};
			name = Release;
		};
		F207A35115A65E8900BACA9E /* Debug */ = {
			isa = XCBuildConfiguration;
			buildSettings = {
				GCC_PRECOMPILE_PREFIX_HEADER = YES;
				GCC_PREFIX_HEADER = "Norico/Norico-Prefix.pch";
				INFOPLIST_FILE = "Norico/Norico-Info.plist";
				PRODUCT_NAME = "$(TARGET_NAME)";
				WRAPPER_EXTENSION = app;
			};
			name = Debug;
		};
		F207A35215A65E8900BACA9E /* Release */ = {
			isa = XCBuildConfiguration;
			buildSettings = {
				GCC_PRECOMPILE_PREFIX_HEADER = YES;
				GCC_PREFIX_HEADER = "Norico/Norico-Prefix.pch";
				INFOPLIST_FILE = "Norico/Norico-Info.plist";
				PRODUCT_NAME = "$(TARGET_NAME)";
				WRAPPER_EXTENSION = app;
			};
			name = Release;
		};
/* End XCBuildConfiguration section */

/* Begin XCConfigurationList section */
		F207A32115A65E8900BACA9E /* Build configuration list for PBXProject "Norico" */ = {
			isa = XCConfigurationList;
			buildConfigurations = (
				F207A34E15A65E8900BACA9E /* Debug */,
				F207A34F15A65E8900BACA9E /* Release */,
			);
			defaultConfigurationIsVisible = 0;
			defaultConfigurationName = Release;
		};
		F207A35015A65E8900BACA9E /* Build configuration list for PBXNativeTarget "Norico" */ = {
			isa = XCConfigurationList;
			buildConfigurations = (
				F207A35115A65E8900BACA9E /* Debug */,
				F207A35215A65E8900BACA9E /* Release */,
			);
			defaultConfigurationIsVisible = 0;
			defaultConfigurationName = Release;
		};
/* End XCConfigurationList section */
	};
	rootObject = F207A31E15A65E8900BACA9E /* Project object */;
}
